version: 6
environments:
  default:
    channels:
    - url: https://conda.anaconda.org/conda-forge/
    packages:
      linux-64:
      - conda: https://conda.anaconda.org/conda-forge/linux-64/_libgcc_mutex-0.1-conda_forge.tar.bz2
      - conda: https://conda.anaconda.org/conda-forge/linux-64/_openmp_mutex-4.5-2_gnu.tar.bz2
      - conda: https://conda.anaconda.org/conda-forge/linux-64/juliaup-1.18.0-hdab8a38_0.conda
      - conda: https://conda.anaconda.org/conda-forge/linux-64/libgcc-15.1.0-h767d61c_5.conda
      - conda: https://conda.anaconda.org/conda-forge/linux-64/libgomp-15.1.0-h767d61c_5.conda
      linux-aarch64:
      - conda: https://conda.anaconda.org/conda-forge/linux-aarch64/_openmp_mutex-4.5-2_gnu.tar.bz2
      - conda: https://conda.anaconda.org/conda-forge/linux-aarch64/juliaup-1.18.0-h1ebd7d5_0.conda
      - conda: https://conda.anaconda.org/conda-forge/linux-aarch64/libgcc-15.1.0-he277a41_5.conda
      - conda: https://conda.anaconda.org/conda-forge/linux-aarch64/libgomp-15.1.0-he277a41_5.conda
      osx-64:
      - conda: https://conda.anaconda.org/conda-forge/osx-64/juliaup-1.18.0-h98d9f3c_0.conda
      osx-arm64:
      - conda: https://conda.anaconda.org/conda-forge/osx-arm64/juliaup-1.18.0-hd1458d2_0.conda
      win-64:
      - conda: https://conda.anaconda.org/conda-forge/win-64/juliaup-1.18.0-h77a83cd_0.conda
      - conda: https://conda.anaconda.org/conda-forge/win-64/ucrt-10.0.26100.0-h57928b3_0.conda
      - conda: https://conda.anaconda.org/conda-forge/win-64/vc-14.3-h41ae7f8_31.conda
      - conda: https://conda.anaconda.org/conda-forge/win-64/vc14_runtime-14.44.35208-h818238b_31.conda
      - conda: https://conda.anaconda.org/conda-forge/win-64/vcomp14-14.44.35208-h818238b_31.conda
packages:
- conda: https://conda.anaconda.org/conda-forge/linux-64/_libgcc_mutex-0.1-conda_forge.tar.bz2
  sha256: fe51de6107f9edc7aa4f786a70f4a883943bc9d39b3bb7307c04c41410990726
  md5: d7c89558ba9fa0495403155b64376d81
  license: None
  size: 2562
  timestamp: 1578324546067
- conda: https://conda.anaconda.org/conda-forge/linux-64/_openmp_mutex-4.5-2_gnu.tar.bz2
  build_number: 16
  sha256: fbe2c5e56a653bebb982eda4876a9178aedfc2b545f25d0ce9c4c0b508253d22
  md5: 73aaf86a425cc6e73fcf236a5a46396d
  depends:
  - _libgcc_mutex 0.1 conda_forge
  - libgomp >=7.5.0
  constrains:
  - openmp_impl 9999
  license: BSD-3-Clause
  license_family: BSD
  size: 23621
  timestamp: 1650670423406
- conda: https://conda.anaconda.org/conda-forge/linux-aarch64/_openmp_mutex-4.5-2_gnu.tar.bz2
  build_number: 16
  sha256: 3702bef2f0a4d38bd8288bbe54aace623602a1343c2cfbefd3fa188e015bebf0
  md5: 6168d71addc746e8f2b8d57dfd2edcea
  depends:
  - libgomp >=7.5.0
  constrains:
  - openmp_impl 9999
  license: BSD-3-Clause
  license_family: BSD
  size: 23712
  timestamp: 1650670790230
- conda: https://conda.anaconda.org/conda-forge/linux-64/juliaup-1.18.0-hdab8a38_0.conda
  sha256: 7b6a37410ff4768c100e1e9addaeaec3ebb83b81cb9f836c7167d7e88ec7f661
  md5: 2e8e5e0dd533a591ddabec4fa13dcf8e
  depends:
  - __glibc >=2.17,<3.0.a0
  - libgcc >=14
  constrains:
  - __glibc >=2.17
  license: MIT
  license_family: MIT
  size: 3186812
  timestamp: 1757791593954
- conda: https://conda.anaconda.org/conda-forge/linux-aarch64/juliaup-1.18.0-h1ebd7d5_0.conda
  sha256: 819989d388c8df3aae2586333de7126ba202d227fa2f48d8d63a6e7176ca8843
  md5: e8bd5c99952346bd12c2e6dc51bceb2a
  depends:
  - libgcc >=14
  constrains:
  - __glibc >=2.17
  license: MIT
  license_family: MIT
  size: 2684730
  timestamp: 1757791590439
- conda: https://conda.anaconda.org/conda-forge/osx-64/juliaup-1.18.0-h98d9f3c_0.conda
  sha256: 922053c64d49658577fbf2522e9464cce0a83c7dd7c2505abf5b745fcae3520e
  md5: ac19d421196ad0efe537068edfff9fc6
  depends:
  - __osx >=10.15
  constrains:
  - __osx >=10.13
  license: MIT
  license_family: MIT
  size: 2105363
  timestamp: 1757791907800
- conda: https://conda.anaconda.org/conda-forge/osx-arm64/juliaup-1.18.0-hd1458d2_0.conda
  sha256: b00e4b2f4861075bc0c03c8559071d7feb1fa02d0bd732483c651ce38d4517b4
  md5: da61bc5552a3eba79e50645ccc81fa08
  depends:
  - __osx >=11.0
  constrains:
  - __osx >=11.0
  license: MIT
  license_family: MIT
  size: 2001212
  timestamp: 1757792035708
- conda: https://conda.anaconda.org/conda-forge/win-64/juliaup-1.18.0-h77a83cd_0.conda
  sha256: bdb2b9b4dacaa83bb90368954064725033ba4b793e7b4d3061f25b79dd93c2d0
  md5: fc75f0ffabe6b440cbe98b59e639dfee
  depends:
  - ucrt >=10.0.20348.0
  - vc >=14.3,<15
  - vc14_runtime >=14.44.35208
  license: MIT
  license_family: MIT
  size: 1567382
  timestamp: 1757791950889
- conda: https://conda.anaconda.org/conda-forge/linux-64/libgcc-15.1.0-h767d61c_5.conda
  sha256: 0caed73aac3966bfbf5710e06c728a24c6c138605121a3dacb2e03440e8baa6a
  md5: 264fbfba7fb20acf3b29cde153e345ce
  depends:
  - __glibc >=2.17,<3.0.a0
  - _openmp_mutex >=4.5
  constrains:
  - libgomp 15.1.0 h767d61c_5
  - libgcc-ng ==15.1.0=*_5
  license: GPL-3.0-only WITH GCC-exception-3.1
  license_family: GPL
  size: 824191
  timestamp: 1757042543820
- conda: https://conda.anaconda.org/conda-forge/linux-aarch64/libgcc-15.1.0-he277a41_5.conda
  sha256: 99d44310fa159590766d77fdd2d90d26a13406f703591f64f4fb78ec7cfe142e
  md5: 1c5fcbb9e0d333dc1d9206b0847e2d93
  depends:
  - _openmp_mutex >=4.5
  constrains:
  - libgcc-ng ==15.1.0=*_5
  - libgomp 15.1.0 he277a41_5
  license: GPL-3.0-only WITH GCC-exception-3.1
  license_family: GPL
  size: 511668
  timestamp: 1757043002003
- conda: https://conda.anaconda.org/conda-forge/linux-64/libgomp-15.1.0-h767d61c_5.conda
  sha256: 125051d51a8c04694d0830f6343af78b556dd88cc249dfec5a97703ebfb1832d
  md5: dcd5ff1940cd38f6df777cac86819d60
  depends:
  - __glibc >=2.17,<3.0.a0
  license: GPL-3.0-only WITH GCC-exception-3.1
  license_family: GPL
  size: 447215
  timestamp: 1757042483384
- conda: https://conda.anaconda.org/conda-forge/linux-aarch64/libgomp-15.1.0-he277a41_5.conda
  sha256: 3573b6f0b9037ee69c1fb39a6614c05f919191149196f2b33fb2acdf7caece59
  md5: da1eb826fad1995cb91f385da6efb919
  license: GPL-3.0-only WITH GCC-exception-3.1
  license_family: GPL
  size: 450637
  timestamp: 1757042941171
- conda: https://conda.anaconda.org/conda-forge/win-64/ucrt-10.0.26100.0-h57928b3_0.conda
  sha256: 3005729dce6f3d3f5ec91dfc49fc75a0095f9cd23bab49efb899657297ac91a5
  md5: 71b24316859acd00bdb8b38f5e2ce328
  constrains:
  - vc14_runtime >=14.29.30037
  - vs2015_runtime >=14.29.30037
  license: LicenseRef-MicrosoftWindowsSDK10
  size: 694692
  timestamp: 1756385147981
- conda: https://conda.anaconda.org/conda-forge/win-64/vc-14.3-h41ae7f8_31.conda
  sha256: cb357591d069a1e6cb74199a8a43a7e3611f72a6caed9faa49dbb3d7a0a98e0b
  md5: 28f4ca1e0337d0f27afb8602663c5723
  depends:
  - vc14_runtime >=14.44.35208
  track_features:
  - vc14
  license: BSD-3-Clause
  license_family: BSD
  size: 18249
  timestamp: 1753739241465
- conda: https://conda.anaconda.org/conda-forge/win-64/vc14_runtime-14.44.35208-h818238b_31.conda
  sha256: af4b4b354b87a9a8d05b8064ff1ea0b47083274f7c30b4eb96bc2312c9b5f08f
  md5: 603e41da40a765fd47995faa021da946
  depends:
  - ucrt >=10.0.20348.0
  - vcomp14 14.44.35208 h818238b_31
  constrains:
  - vs2015_runtime 14.44.35208.* *_31
  license: LicenseRef-MicrosoftVisualCpp2015-2022Runtime
  license_family: Proprietary
  size: 682424
  timestamp: 1753739239305
- conda: https://conda.anaconda.org/conda-forge/win-64/vcomp14-14.44.35208-h818238b_31.conda
  sha256: 67b317b64f47635415776718d25170a9a6f9a1218c0f5a6202bfd687e07b6ea4
  md5: a6b1d5c1fc3cb89f88f7179ee6a9afe3
  depends:
  - ucrt >=10.0.20348.0
  constrains:
  - vs2015_runtime 14.44.35208.* *_31
  license: LicenseRef-MicrosoftVisualCpp2015-2022Runtime
  license_family: Proprietary
  size: 113963
  timestamp: 1753739198723
